// !$*UTF8*$!
{
	archiveVersion = 1;
	classes = {
	};
	objectVersion = 56;
	objects = {

/* Begin PBXBuildFile section */
		0DD18F0B2E7FBB1900A893D7 /* Assets.xcassets in Resources */ = {isa = PBXBuildFile; fileRef = 0DD18F052E7FBB1900A893D7 /* Assets.xcassets */; };
		0DD18F0C2E7FBB1900A893D7 /* wage_proof.wasm in Resources */ = {isa = PBXBuildFile; fileRef = 0DD18ED82E7FBB1900A893D7 /* wage_proof.wasm */; };
		0DD18F0D2E7FBB1900A893D7 /* zkproof_service.js in Resources */ = {isa = PBXBuildFile; fileRef = 0DD18ED92E7FBB1900A893D7 /* zkproof_service.js */; };
		
		0DD18F0F2E7FBB1900A893D7 /* verification_key.json in Resources */ = {isa = PBXBuildFile; fileRef = 0DD18ED72E7FBB1900A893D7 /* verification_key.json */; };
		0DD18F102E7FBB1900A893D7 /* StreamApp.swift in Sources */ = {isa = PBXBuildFile; fileRef = 0DD18EDC2E7FBB1900A893D7 /* StreamApp.swift */; };
		0DD18F112E7FBB1900A893D7 /* BiometricAuthService.swift in Sources */ = {isa = PBXBuildFile; fileRef = 0DD18EE92E7FBB1900A893D7 /* BiometricAuthService.swift */; };
		0DD18F122E7FBB1900A893D7 /* KeychainSecureStorage.swift in Sources */ = {isa = PBXBuildFile; fileRef = 0DD18EEA2E7FBB1900A893D7 /* KeychainSecureStorage.swift */; };
		0DD18F132E7FBB1900A893D7 /* WorkScenario.swift in Sources */ = {isa = PBXBuildFile; fileRef = 0DD18EE22E7FBB1900A893D7 /* WorkScenario.swift */; };
		0DD18F142E7FBB1900A893D7 /* OnboardingPage.swift in Sources */ = {isa = PBXBuildFile; fileRef = 0DD18EE12E7FBB1900A893D7 /* OnboardingPage.swift */; };
		0DD18F152E7FBB1900A893D7 /* ProofsViewModel.swift in Sources */ = {isa = PBXBuildFile; fileRef = 0DD18EF02E7FBB1900A893D7 /* ProofsViewModel.swift */; };
		0DD18F162E7FBB1900A893D7 /* WorkSessionView.swift in Sources */ = {isa = PBXBuildFile; fileRef = 0DD18F012E7FBB1900A893D7 /* WorkSessionView.swift */; };
		0DD18F172E7FBB1900A893D7 /* ProfileView.swift in Sources */ = {isa = PBXBuildFile; fileRef = 0DD18EFF2E7FBB1900A893D7 /* ProfileView.swift */; };
		0DD18F182E7FBB1900A893D7 /* ContentView.swift in Sources */ = {isa = PBXBuildFile; fileRef = 0DD18EDB2E7FBB1900A893D7 /* ContentView.swift */; };
		0DD18F192E7FBB1900A893D7 /* APIService.swift in Sources */ = {isa = PBXBuildFile; fileRef = 0DD18EE42E7FBB1900A893D7 /* APIService.swift */; };
		0DD18F1A2E7FBB1900A893D7 /* WalletConnectView.swift in Sources */ = {isa = PBXBuildFile; fileRef = 0DD18EF52E7FBB1900A893D7 /* WalletConnectView.swift */; };
		0DD18F1B2E7FBB1900A893D7 /* ZKProofGenerationViewModel.swift in Sources */ = {isa = PBXBuildFile; fileRef = 0DD18EF22E7FBB1900A893D7 /* ZKProofGenerationViewModel.swift */; };
		0DD18F1C2E7FBB1900A893D7 /* OnboardingPageView.swift in Sources */ = {isa = PBXBuildFile; fileRef = 0DD18EFB2E7FBB1900A893D7 /* OnboardingPageView.swift */; };
		0DD18F1D2E7FBB1900A893D7 /* Web3Service.swift in Sources */ = {isa = PBXBuildFile; fileRef = 0DD18EEC2E7FBB1900A893D7 /* Web3Service.swift */; };
		0DD18F1E2E7FBB1900A893D7 /* LoadingView.swift in Sources */ = {isa = PBXBuildFile; fileRef = 0DD18EF72E7FBB1900A893D7 /* LoadingView.swift */; };
		0DD18F1F2E7FBB1900A893D7 /* WageCard.swift in Sources */ = {isa = PBXBuildFile; fileRef = 0DD18EF82E7FBB1900A893D7 /* WageCard.swift */; };
		0DD18F202E7FBB1900A893D7 /* ProofsView.swift in Sources */ = {isa = PBXBuildFile; fileRef = 0DD18F002E7FBB1900A893D7 /* ProofsView.swift */; };
		0DD18F212E7FBB1900A893D7 /* StreamColors.swift in Sources */ = {isa = PBXBuildFile; fileRef = 0DD18EE62E7FBB1900A893D7 /* StreamColors.swift */; };
		0DD18F222E7FBB1900A893D7 /* ZKProofGenerationView.swift in Sources */ = {isa = PBXBuildFile; fileRef = 0DD18F022E7FBB1900A893D7 /* ZKProofGenerationView.swift */; };
		0DD18F232E7FBB1900A893D7 /* DashboardView.swift in Sources */ = {isa = PBXBuildFile; fileRef = 0DD18EFD2E7FBB1900A893D7 /* DashboardView.swift */; };
		0DD18F242E7FBB1900A893D7 /* StreamFonts.swift in Sources */ = {isa = PBXBuildFile; fileRef = 0DD18EE72E7FBB1900A893D7 /* StreamFonts.swift */; };
		0DD18F252E7FBB1900A893D7 /* AuthenticationView.swift in Sources */ = {isa = PBXBuildFile; fileRef = 0DD18EF42E7FBB1900A893D7 /* AuthenticationView.swift */; };
		0DD18F262E7FBB1900A893D7 /* MainTabView.swift in Sources */ = {isa = PBXBuildFile; fileRef = 0DD18EFE2E7FBB1900A893D7 /* MainTabView.swift */; };
		0DD18F272E7FBB1900A893D7 /* WalletManager.swift in Sources */ = {isa = PBXBuildFile; fileRef = 0DD18EEB2E7FBB1900A893D7 /* WalletManager.swift */; };
		0DD18F282E7FBB1900A893D7 /* OnboardingCoordinatorView.swift in Sources */ = {isa = PBXBuildFile; fileRef = 0DD18EFA2E7FBB1900A893D7 /* OnboardingCoordinatorView.swift */; };
		0DD18F292E7FBB1900A893D7 /* WorkSessionViewModel.swift in Sources */ = {isa = PBXBuildFile; fileRef = 0DD18EF12E7FBB1900A893D7 /* WorkSessionViewModel.swift */; };
		0DD18F2A2E7FBB1900A893D7 /* AppCoordinator.swift in Sources */ = {isa = PBXBuildFile; fileRef = 0DD18EDE2E7FBB1900A893D7 /* AppCoordinator.swift */; };
		0DD18F2B2E7FBB1900A893D7 /* Attestation.swift in Sources */ = {isa = PBXBuildFile; fileRef = 0DD18EE02E7FBB1900A893D7 /* Attestation.swift */; };
		0DD18F2C2E7FBB1900A893D7 /* ZKProofService.swift in Sources */ = {isa = PBXBuildFile; fileRef = 0DD18EED2E7FBB1900A893D7 /* ZKProofService.swift */; };
		0DD18F2D2E7FBB1900A893D7 /* DashboardViewModel.swift in Sources */ = {isa = PBXBuildFile; fileRef = 0DD18EEF2E7FBB1900A893D7 /* DashboardViewModel.swift */; };
/* End PBXBuildFile section */

/* Begin PBXFileReference section */
		0DD18ED72E7FBB1900A893D7 /* verification_key.json */ = {isa = PBXFileReference; lastKnownFileType = text.json; path = verification_key.json; sourceTree = "<group>"; };
		0DD18ED82E7FBB1900A893D7 /* wage_proof.wasm */ = {isa = PBXFileReference; lastKnownFileType = text; path = wage_proof.wasm; sourceTree = "<group>"; };
		0DD18ED92E7FBB1900A893D7 /* zkproof_service.js */ = {isa = PBXFileReference; lastKnownFileType = sourcecode.javascript; path = zkproof_service.js; sourceTree = "<group>"; };
		0DD18EDB2E7FBB1900A893D7 /* ContentView.swift */ = {isa = PBXFileReference; lastKnownFileType = sourcecode.swift; path = ContentView.swift; sourceTree = "<group>"; };
		0DD18EDC2E7FBB1900A893D7 /* StreamApp.swift */ = {isa = PBXFileReference; lastKnownFileType = sourcecode.swift; path = StreamApp.swift; sourceTree = "<group>"; };
		0DD18EDE2E7FBB1900A893D7 /* AppCoordinator.swift */ = {isa = PBXFileReference; lastKnownFileType = sourcecode.swift; path = AppCoordinator.swift; sourceTree = "<group>"; };
		0DD18EE02E7FBB1900A893D7 /* Attestation.swift */ = {isa = PBXFileReference; lastKnownFileType = sourcecode.swift; path = Attestation.swift; sourceTree = "<group>"; };
		0DD18EE12E7FBB1900A893D7 /* OnboardingPage.swift */ = {isa = PBXFileReference; lastKnownFileType = sourcecode.swift; path = OnboardingPage.swift; sourceTree = "<group>"; };
		0DD18EE22E7FBB1900A893D7 /* WorkScenario.swift */ = {isa = PBXFileReference; lastKnownFileType = sourcecode.swift; path = WorkScenario.swift; sourceTree = "<group>"; };
		0DD18EE42E7FBB1900A893D7 /* APIService.swift */ = {isa = PBXFileReference; lastKnownFileType = sourcecode.swift; path = APIService.swift; sourceTree = "<group>"; };
		0DD18EE62E7FBB1900A893D7 /* StreamColors.swift */ = {isa = PBXFileReference; lastKnownFileType = sourcecode.swift; path = StreamColors.swift; sourceTree = "<group>"; };
		0DD18EE72E7FBB1900A893D7 /* StreamFonts.swift */ = {isa = PBXFileReference; lastKnownFileType = sourcecode.swift; path = StreamFonts.swift; sourceTree = "<group>"; };
		0DD18EE92E7FBB1900A893D7 /* BiometricAuthService.swift */ = {isa = PBXFileReference; lastKnownFileType = sourcecode.swift; path = BiometricAuthService.swift; sourceTree = "<group>"; };
		0DD18EEA2E7FBB1900A893D7 /* KeychainSecureStorage.swift */ = {isa = PBXFileReference; lastKnownFileType = sourcecode.swift; path = KeychainSecureStorage.swift; sourceTree = "<group>"; };
		0DD18EEB2E7FBB1900A893D7 /* WalletManager.swift */ = {isa = PBXFileReference; lastKnownFileType = sourcecode.swift; path = WalletManager.swift; sourceTree = "<group>"; };
		0DD18EEC2E7FBB1900A893D7 /* Web3Service.swift */ = {isa = PBXFileReference; lastKnownFileType = sourcecode.swift; path = Web3Service.swift; sourceTree = "<group>"; };
		0DD18EED2E7FBB1900A893D7 /* ZKProofService.swift */ = {isa = PBXFileReference; lastKnownFileType = sourcecode.swift; path = ZKProofService.swift; sourceTree = "<group>"; };
		0DD18EEF2E7FBB1900A893D7 /* DashboardViewModel.swift */ = {isa = PBXFileReference; lastKnownFileType = sourcecode.swift; path = DashboardViewModel.swift; sourceTree = "<group>"; };
		0DD18EF02E7FBB1900A893D7 /* ProofsViewModel.swift */ = {isa = PBXFileReference; lastKnownFileType = sourcecode.swift; path = ProofsViewModel.swift; sourceTree = "<group>"; };
		0DD18EF12E7FBB1900A893D7 /* WorkSessionViewModel.swift */ = {isa = PBXFileReference; lastKnownFileType = sourcecode.swift; path = WorkSessionViewModel.swift; sourceTree = "<group>"; };
		0DD18EF22E7FBB1900A893D7 /* ZKProofGenerationViewModel.swift */ = {isa = PBXFileReference; lastKnownFileType = sourcecode.swift; path = ZKProofGenerationViewModel.swift; sourceTree = "<group>"; };
		0DD18EF42E7FBB1900A893D7 /* AuthenticationView.swift */ = {isa = PBXFileReference; lastKnownFileType = sourcecode.swift; path = AuthenticationView.swift; sourceTree = "<group>"; };
		0DD18EF52E7FBB1900A893D7 /* WalletConnectView.swift */ = {isa = PBXFileReference; lastKnownFileType = sourcecode.swift; path = WalletConnectView.swift; sourceTree = "<group>"; };
		0DD18EF72E7FBB1900A893D7 /* LoadingView.swift */ = {isa = PBXFileReference; lastKnownFileType = sourcecode.swift; path = LoadingView.swift; sourceTree = "<group>"; };
		0DD18EF82E7FBB1900A893D7 /* WageCard.swift */ = {isa = PBXFileReference; lastKnownFileType = sourcecode.swift; path = WageCard.swift; sourceTree = "<group>"; };
		0DD18EFA2E7FBB1900A893D7 /* OnboardingCoordinatorView.swift */ = {isa = PBXFileReference; lastKnownFileType = sourcecode.swift; path = OnboardingCoordinatorView.swift; sourceTree = "<group>"; };
		0DD18EFB2E7FBB1900A893D7 /* OnboardingPageView.swift */ = {isa = PBXFileReference; lastKnownFileType = sourcecode.swift; path = OnboardingPageView.swift; sourceTree = "<group>"; };
		0DD18EFD2E7FBB1900A893D7 /* DashboardView.swift */ = {isa = PBXFileReference; lastKnownFileType = sourcecode.swift; path = DashboardView.swift; sourceTree = "<group>"; };
		0DD18EFE2E7FBB1900A893D7 /* MainTabView.swift */ = {isa = PBXFileReference; lastKnownFileType = sourcecode.swift; path = MainTabView.swift; sourceTree = "<group>"; };
		0DD18EFF2E7FBB1900A893D7 /* ProfileView.swift */ = {isa = PBXFileReference; lastKnownFileType = sourcecode.swift; path = ProfileView.swift; sourceTree = "<group>"; };
		0DD18F002E7FBB1900A893D7 /* ProofsView.swift */ = {isa = PBXFileReference; lastKnownFileType = sourcecode.swift; path = ProofsView.swift; sourceTree = "<group>"; };
		0DD18F012E7FBB1900A893D7 /* WorkSessionView.swift */ = {isa = PBXFileReference; lastKnownFileType = sourcecode.swift; path = WorkSessionView.swift; sourceTree = "<group>"; };
		0DD18F022E7FBB1900A893D7 /* ZKProofGenerationView.swift */ = {isa = PBXFileReference; lastKnownFileType = sourcecode.swift; path = ZKProofGenerationView.swift; sourceTree = "<group>"; };
		0DD18F052E7FBB1900A893D7 /* Assets.xcassets */ = {isa = PBXFileReference; lastKnownFileType = folder.assetcatalog; path = Assets.xcassets; sourceTree = "<group>"; };
		0DD18F062E7FBB1900A893D7 /* Info.plist */ = {isa = PBXFileReference; lastKnownFileType = text.plist.xml; path = Info.plist; sourceTree = "<group>"; };
		0DD18F082E7FBB1900A893D7 /* StreamApp.xcodeproj */ = {isa = PBXFileReference; lastKnownFileType = "wrapper.pb-project"; path = StreamApp.xcodeproj; sourceTree = "<group>"; };
		FIX00001000000000000000A /* StreamApp.app */ = {isa = PBXFileReference; explicitFileType = wrapper.application; includeInIndex = 0; path = StreamApp.app; sourceTree = BUILT_PRODUCTS_DIR; };
/* End PBXFileReference section */

/* Begin PBXFrameworksBuildPhase section */
		FIX00001000000000000000C /* Frameworks */ = {
			isa = PBXFrameworksBuildPhase;
			buildActionMask = 2147483647;
			files = (
			);
			runOnlyForDeploymentPostprocessing = 0;
		};
/* End PBXFrameworksBuildPhase section */

/* Begin PBXGroup section */
		0DD18EDA2E7FBB1900A893D7 /* Resources */ = {
			isa = PBXGroup;
			children = (
				0DD18ED72E7FBB1900A893D7 /* verification_key.json */,
				0DD18ED82E7FBB1900A893D7 /* wage_proof.wasm */,
				0DD18ED92E7FBB1900A893D7 /* zkproof_service.js */,
			);
			path = Resources;
			sourceTree = "<group>";
		};
		0DD18EDD2E7FBB1900A893D7 /* App */ = {
			isa = PBXGroup;
			children = (
				0DD18EDB2E7FBB1900A893D7 /* ContentView.swift */,
				0DD18EDC2E7FBB1900A893D7 /* StreamApp.swift */,
			);
			path = App;
			sourceTree = "<group>";
		};
		0DD18EDF2E7FBB1900A893D7 /* Core */ = {
			isa = PBXGroup;
			children = (
				0DD18EDE2E7FBB1900A893D7 /* AppCoordinator.swift */,
			);
			path = Core;
			sourceTree = "<group>";
		};
		0DD18EE32E7FBB1900A893D7 /* Models */ = {
			isa = PBXGroup;
			children = (
				0DD18EE02E7FBB1900A893D7 /* Attestation.swift */,
				0DD18EE12E7FBB1900A893D7 /* OnboardingPage.swift */,
				0DD18EE22E7FBB1900A893D7 /* WorkScenario.swift */,
			);
			path = Models;
			sourceTree = "<group>";
		};
		0DD18EE52E7FBB1900A893D7 /* Network */ = {
			isa = PBXGroup;
			children = (
				0DD18EE42E7FBB1900A893D7 /* APIService.swift */,
			);
			path = Network;
			sourceTree = "<group>";
		};
		0DD18EE82E7FBB1900A893D7 /* Resources */ = {
			isa = PBXGroup;
			children = (
				0DD18EE62E7FBB1900A893D7 /* StreamColors.swift */,
				0DD18EE72E7FBB1900A893D7 /* StreamFonts.swift */,
			);
			path = Resources;
			sourceTree = "<group>";
		};
		0DD18EEE2E7FBB1900A893D7 /* Security */ = {
			isa = PBXGroup;
			children = (
				0DD18EE92E7FBB1900A893D7 /* BiometricAuthService.swift */,
				0DD18EEA2E7FBB1900A893D7 /* KeychainSecureStorage.swift */,
				0DD18EEB2E7FBB1900A893D7 /* WalletManager.swift */,
				0DD18EEC2E7FBB1900A893D7 /* Web3Service.swift */,
				0DD18EED2E7FBB1900A893D7 /* ZKProofService.swift */,
			);
			path = Security;
			sourceTree = "<group>";
		};
		0DD18EF32E7FBB1900A893D7 /* ViewModels */ = {
			isa = PBXGroup;
			children = (
				0DD18EEF2E7FBB1900A893D7 /* DashboardViewModel.swift */,
				0DD18EF02E7FBB1900A893D7 /* ProofsViewModel.swift */,
				0DD18EF12E7FBB1900A893D7 /* WorkSessionViewModel.swift */,
				0DD18EF22E7FBB1900A893D7 /* ZKProofGenerationViewModel.swift */,
			);
			path = ViewModels;
			sourceTree = "<group>";
		};
		0DD18EF62E7FBB1900A893D7 /* Authentication */ = {
			isa = PBXGroup;
			children = (
				0DD18EF42E7FBB1900A893D7 /* AuthenticationView.swift */,
				0DD18EF52E7FBB1900A893D7 /* WalletConnectView.swift */,
			);
			path = Authentication;
			sourceTree = "<group>";
		};
		0DD18EF92E7FBB1900A893D7 /* Components */ = {
			isa = PBXGroup;
			children = (
				0DD18EF72E7FBB1900A893D7 /* LoadingView.swift */,
				0DD18EF82E7FBB1900A893D7 /* WageCard.swift */,
			);
			path = Components;
			sourceTree = "<group>";
		};
		0DD18EFC2E7FBB1900A893D7 /* Onboarding */ = {
			isa = PBXGroup;
			children = (
				0DD18EFA2E7FBB1900A893D7 /* OnboardingCoordinatorView.swift */,
				0DD18EFB2E7FBB1900A893D7 /* OnboardingPageView.swift */,
			);
			path = Onboarding;
			sourceTree = "<group>";
		};
		0DD18F032E7FBB1900A893D7 /* Views */ = {
			isa = PBXGroup;
			children = (
				0DD18EF62E7FBB1900A893D7 /* Authentication */,
				0DD18EF92E7FBB1900A893D7 /* Components */,
				0DD18EFC2E7FBB1900A893D7 /* Onboarding */,
				0DD18EFD2E7FBB1900A893D7 /* DashboardView.swift */,
				0DD18EFE2E7FBB1900A893D7 /* MainTabView.swift */,
				0DD18EFF2E7FBB1900A893D7 /* ProfileView.swift */,
				0DD18F002E7FBB1900A893D7 /* ProofsView.swift */,
				0DD18F012E7FBB1900A893D7 /* WorkSessionView.swift */,
				0DD18F022E7FBB1900A893D7 /* ZKProofGenerationView.swift */,
			);
			path = Views;
			sourceTree = "<group>";
		};
		0DD18F042E7FBB1900A893D7 /* StreamApp */ = {
			isa = PBXGroup;
			children = (
				0DD18EDD2E7FBB1900A893D7 /* App */,
				0DD18EDF2E7FBB1900A893D7 /* Core */,
				0DD18EE32E7FBB1900A893D7 /* Models */,
				0DD18EE52E7FBB1900A893D7 /* Network */,
				0DD18EE82E7FBB1900A893D7 /* Resources */,
				0DD18EEE2E7FBB1900A893D7 /* Security */,
				0DD18EF32E7FBB1900A893D7 /* ViewModels */,
				0DD18F032E7FBB1900A893D7 /* Views */,
			);
			path = StreamApp;
			sourceTree = "<group>";
		};
		0DD18F072E7FBB1900A893D7 /* StreamApp */ = {
			isa = PBXGroup;
			children = (
				0DD18EDA2E7FBB1900A893D7 /* Resources */,
				0DD18F042E7FBB1900A893D7 /* StreamApp */,
				0DD18F052E7FBB1900A893D7 /* Assets.xcassets */,
				0DD18F062E7FBB1900A893D7 /* Info.plist */,
			);
			path = StreamApp;
			sourceTree = "<group>";
		};
		0DD18F092E7FBB1900A893D7 /* Products */ = {
			isa = PBXGroup;
			name = Products;
			sourceTree = "<group>";
		};
		FIX0000100000000000000DD = {
			isa = PBXGroup;
			children = (
				0DD18F072E7FBB1900A893D7 /* StreamApp */,
				0DD18F082E7FBB1900A893D7 /* StreamApp.xcodeproj */,
				FIX0000100000000000000EE /* Products */,
			);
			sourceTree = "<group>";
		};
		FIX0000100000000000000EE /* Products */ = {
			isa = PBXGroup;
			children = (
				FIX00001000000000000000A /* StreamApp.app */,
			);
			name = Products;
			sourceTree = "<group>";
		};
/* End PBXGroup section */

/* Begin PBXNativeTarget section */
		FIX0000100000000000000AA /* StreamApp */ = {
			isa = PBXNativeTarget;
			buildConfigurationList = FIX0000100000000000001AA /* Build configuration list for PBXNativeTarget "StreamApp" */;
			buildPhases = (
				FIX00001000000000000000B /* Sources */,
				FIX00001000000000000000C /* Frameworks */,
				FIX00001000000000000000D /* Resources */,
			);
			buildRules = (
			);
			dependencies = (
			);
			name = StreamApp;
			productName = StreamApp;
			productReference = FIX00001000000000000000A /* StreamApp.app */;
			productType = "com.apple.product-type.application";
		};
/* End PBXNativeTarget section */

/* Begin PBXProject section */
		FIX0000100000000000000FF /* Project object */ = {
			isa = PBXProject;
			attributes = {
				BuildIndependentTargetsInParallel = 1;
				LastSwiftUpdateCheck = 1500;
				LastUpgradeCheck = 1500;
				TargetAttributes = {
					FIX0000100000000000000AA = {
						CreatedOnToolsVersion = 15.0;
					};
				};
			};
			buildConfigurationList = FIX0000100000000000001BB /* Build configuration list for PBXProject "StreamApp" */;
			compatibilityVersion = "Xcode 14.0";
			developmentRegion = en;
			hasScannedForEncodings = 0;
			knownRegions = (
				en,
				Base,
			);
			mainGroup = FIX0000100000000000000DD;
			productRefGroup = FIX0000100000000000000EE /* Products */;
			projectDirPath = "";
			projectReferences = (
				{
					ProductGroup = 0DD18F092E7FBB1900A893D7 /* Products */;
					ProjectRef = 0DD18F082E7FBB1900A893D7 /* StreamApp.xcodeproj */;
				},
			);
			projectRoot = "";
			targets = (
				FIX0000100000000000000AA /* StreamApp */,
			);
		};
/* End PBXProject section */

/* Begin PBXResourcesBuildPhase section */
		FIX00001000000000000000D /* Resources */ = {
			isa = PBXResourcesBuildPhase;
			buildActionMask = 2147483647;
			files = (
				0DD18F0B2E7FBB1900A893D7 /* Assets.xcassets in Resources */,
				0DD18F0C2E7FBB1900A893D7 /* wage_proof.wasm in Resources */,
				0DD18F0D2E7FBB1900A893D7 /* zkproof_service.js in Resources */,
				
				0DD18F0F2E7FBB1900A893D7 /* verification_key.json in Resources */,
			);
			runOnlyForDeploymentPostprocessing = 0;
		};
/* End PBXResourcesBuildPhase section */

/* Begin PBXSourcesBuildPhase section */
		FIX00001000000000000000B /* Sources */ = {
			isa = PBXSourcesBuildPhase;
			buildActionMask = 2147483647;
			files = (
				0DD18F102E7FBB1900A893D7 /* StreamApp.swift in Sources */,
				0DD18F112E7FBB1900A893D7 /* BiometricAuthService.swift in Sources */,
				0DD18F122E7FBB1900A893D7 /* KeychainSecureStorage.swift in Sources */,
				0DD18F132E7FBB1900A893D7 /* WorkScenario.swift in Sources */,
				0DD18F142E7FBB1900A893D7 /* OnboardingPage.swift in Sources */,
				0DD18F152E7FBB1900A893D7 /* ProofsViewModel.swift in Sources */,
				0DD18F162E7FBB1900A893D7 /* WorkSessionView.swift in Sources */,
				0DD18F172E7FBB1900A893D7 /* ProfileView.swift in Sources */,
				0DD18F182E7FBB1900A893D7 /* ContentView.swift in Sources */,
				0DD18F192E7FBB1900A893D7 /* APIService.swift in Sources */,
				0DD18F1A2E7FBB1900A893D7 /* WalletConnectView.swift in Sources */,
				0DD18F1B2E7FBB1900A893D7 /* ZKProofGenerationViewModel.swift in Sources */,
				0DD18F1C2E7FBB1900A893D7 /* OnboardingPageView.swift in Sources */,
				0DD18F1D2E7FBB1900A893D7 /* Web3Service.swift in Sources */,
				0DD18F1E2E7FBB1900A893D7 /* LoadingView.swift in Sources */,
				0DD18F1F2E7FBB1900A893D7 /* WageCard.swift in Sources */,
				0DD18F202E7FBB1900A893D7 /* ProofsView.swift in Sources */,
				0DD18F212E7FBB1900A893D7 /* StreamColors.swift in Sources */,
				0DD18F222E7FBB1900A893D7 /* ZKProofGenerationView.swift in Sources */,
				0DD18F232E7FBB1900A893D7 /* DashboardView.swift in Sources */,
				0DD18F242E7FBB1900A893D7 /* StreamFonts.swift in Sources */,
				0DD18F252E7FBB1900A893D7 /* AuthenticationView.swift in Sources */,
				0DD18F262E7FBB1900A893D7 /* MainTabView.swift in Sources */,
				0DD18F272E7FBB1900A893D7 /* WalletManager.swift in Sources */,
				0DD18F282E7FBB1900A893D7 /* OnboardingCoordinatorView.swift in Sources */,
				0DD18F292E7FBB1900A893D7 /* WorkSessionViewModel.swift in Sources */,
				0DD18F2A2E7FBB1900A893D7 /* AppCoordinator.swift in Sources */,
				0DD18F2B2E7FBB1900A893D7 /* Attestation.swift in Sources */,
				0DD18F2C2E7FBB1900A893D7 /* ZKProofService.swift in Sources */,
				0DD18F2D2E7FBB1900A893D7 /* DashboardViewModel.swift in Sources */,
			);
			runOnlyForDeploymentPostprocessing = 0;
		};
/* End PBXSourcesBuildPhase section */

/* Begin XCBuildConfiguration section */
		FIX0000100000000000001CC /* Debug */ = {
			isa = XCBuildConfiguration;
			buildSettings = {
				ALWAYS_SEARCH_USER_PATHS = NO;
				ASSETCATALOG_COMPILER_GENERATE_SWIFT_ASSET_SYMBOL_EXTENSIONS = YES;
				CLANG_ANALYZER_NONNULL = YES;
				CLANG_ANALYZER_NUMBER_OBJECT_CONVERSION = YES_AGGRESSIVE;
				CLANG_CXX_LANGUAGE_STANDARD = "gnu++20";
				CLANG_ENABLE_MODULES = YES;
				CLANG_ENABLE_OBJC_ARC = YES;
				CLANG_ENABLE_OBJC_WEAK = YES;
				CLANG_WARN_BLOCK_CAPTURE_AUTORELEASING = YES;
				CLANG_WARN_BOOL_CONVERSION = YES;
				CLANG_WARN_COMMA = YES;
				CLANG_WARN_CONSTANT_CONVERSION = YES;
				CLANG_WARN_DEPRECATED_OBJC_IMPLEMENTATIONS = YES;
				CLANG_WARN_DIRECT_OBJC_ISA_USAGE = YES_ERROR;
				CLANG_WARN_DOCUMENTATION_COMMENTS = YES;
				CLANG_WARN_EMPTY_BODY = YES;
				CLANG_WARN_ENUM_CONVERSION = YES;
				CLANG_WARN_INFINITE_RECURSION = YES;
				CLANG_WARN_INT_CONVERSION = YES;
				CLANG_WARN_NON_LITERAL_NULL_CONVERSION = YES;
				CLANG_WARN_OBJC_IMPLICIT_RETAIN_SELF = YES;
				CLANG_WARN_OBJC_LITERAL_CONVERSION = YES;
				CLANG_WARN_OBJC_ROOT_CLASS = YES_ERROR;
				CLANG_WARN_QUOTED_INCLUDE_IN_FRAMEWORK_HEADER = YES;
				CLANG_WARN_RANGE_LOOP_ANALYSIS = YES;
				CLANG_WARN_STRICT_PROTOTYPES = YES;
				CLANG_WARN_SUSPICIOUS_MOVE = YES;
				CLANG_WARN_UNGUARDED_AVAILABILITY = YES_AGGRESSIVE;
				CLANG_WARN_UNREACHABLE_CODE = YES;
				CLANG_WARN__DUPLICATE_METHOD_MATCH = YES;
				COPY_PHASE_STRIP = NO;
				DEBUG_INFORMATION_FORMAT = dwarf;
				ENABLE_STRICT_OBJC_MSGSEND = YES;
				ENABLE_TESTABILITY = YES;
				ENABLE_USER_SCRIPT_SANDBOXING = YES;
				GCC_C_LANGUAGE_STANDARD = gnu17;
				GCC_DYNAMIC_NO_PIC = NO;
				GCC_NO_COMMON_BLOCKS = YES;
				GCC_OPTIMIZATION_LEVEL = 0;
				GCC_PREPROCESSOR_DEFINITIONS = (
					"DEBUG=1",
					"$(inherited)",
				);
				GCC_WARN_64_TO_32_BIT_CONVERSION = YES;
				GCC_WARN_ABOUT_RETURN_TYPE = YES_ERROR;
				GCC_WARN_UNDECLARED_SELECTOR = YES;
				GCC_WARN_UNINITIALIZED_AUTOS = YES_AGGRESSIVE;
				GCC_WARN_UNUSED_FUNCTION = YES;
				GCC_WARN_UNUSED_VARIABLE = YES;
				IPHONEOS_DEPLOYMENT_TARGET = 17.0;
				LOCALIZATION_PREFERS_STRING_CATALOGS = YES;
				MTL_ENABLE_DEBUG_INFO = INCLUDE_SOURCE;
				MTL_FAST_MATH = YES;
				ONLY_ACTIVE_ARCH = YES;
				SDKROOT = iphoneos;
				SWIFT_ACTIVE_COMPILATION_CONDITIONS = "DEBUG $(inherited)";
				SWIFT_OPTIMIZATION_LEVEL = "-Onone";
			};
			name = Debug;
		};
		FIX0000100000000000001DD /* Release */ = {
			isa = XCBuildConfiguration;
			buildSettings = {
				ALWAYS_SEARCH_USER_PATHS = NO;
				ASSETCATALOG_COMPILER_GENERATE_SWIFT_ASSET_SYMBOL_EXTENSIONS = YES;
				CLANG_ANALYZER_NONNULL = YES;
				CLANG_ANALYZER_NUMBER_OBJECT_CONVERSION = YES_AGGRESSIVE;
				CLANG_CXX_LANGUAGE_STANDARD = "gnu++20";
				CLANG_ENABLE_MODULES = YES;
				CLANG_ENABLE_OBJC_ARC = YES;
				CLANG_ENABLE_OBJC_WEAK = YES;
				CLANG_WARN_BLOCK_CAPTURE_AUTORELEASING = YES;
				CLANG_WARN_BOOL_CONVERSION = YES;
				CLANG_WARN_COMMA = YES;
				CLANG_WARN_CONSTANT_CONVERSION = YES;
				CLANG_WARN_DEPRECATED_OBJC_IMPLEMENTATIONS = YES;
				CLANG_WARN_DIRECT_OBJC_ISA_USAGE = YES_ERROR;
				CLANG_WARN_DOCUMENTATION_COMMENTS = YES;
				CLANG_WARN_EMPTY_BODY = YES;
				CLANG_WARN_ENUM_CONVERSION = YES;
				CLANG_WARN_INFINITE_RECURSION = YES;
				CLANG_WARN_INT_CONVERSION = YES;
				CLANG_WARN_NON_LITERAL_NULL_CONVERSION = YES;
				CLANG_WARN_OBJC_IMPLICIT_RETAIN_SELF = YES;
				CLANG_WARN_OBJC_LITERAL_CONVERSION = YES;
				CLANG_WARN_OBJC_ROOT_CLASS = YES_ERROR;
				CLANG_WARN_QUOTED_INCLUDE_IN_FRAMEWORK_HEADER = YES;
				CLANG_WARN_RANGE_LOOP_ANALYSIS = YES;
				CLANG_WARN_STRICT_PROTOTYPES = YES;
				CLANG_WARN_SUSPICIOUS_MOVE = YES;
				CLANG_WARN_UNGUARDED_AVAILABILITY = YES_AGGRESSIVE;
				CLANG_WARN_UNREACHABLE_CODE = YES;
				CLANG_WARN__DUPLICATE_METHOD_MATCH = YES;
				COPY_PHASE_STRIP = NO;
				DEBUG_INFORMATION_FORMAT = "dwarf-with-dsym";
				ENABLE_NS_ASSERTIONS = NO;
				ENABLE_STRICT_OBJC_MSGSEND = YES;
				ENABLE_USER_SCRIPT_SANDBOXING = YES;
				GCC_C_LANGUAGE_STANDARD = gnu17;
				GCC_NO_COMMON_BLOCKS = YES;
				GCC_WARN_64_TO_32_BIT_CONVERSION = YES;
				GCC_WARN_ABOUT_RETURN_TYPE = YES_ERROR;
				GCC_WARN_UNDECLARED_SELECTOR = YES;
				GCC_WARN_UNINITIALIZED_AUTOS = YES_AGGRESSIVE;
				GCC_WARN_UNUSED_FUNCTION = YES;
				GCC_WARN_UNUSED_VARIABLE = YES;
				IPHONEOS_DEPLOYMENT_TARGET = 17.0;
				LOCALIZATION_PREFERS_STRING_CATALOGS = YES;
				MTL_ENABLE_DEBUG_INFO = NO;
				MTL_FAST_MATH = YES;
				SDKROOT = iphoneos;
				SWIFT_COMPILATION_MODE = wholemodule;
				VALIDATE_PRODUCT = YES;
			};
			name = Release;
		};
		FIX0000100000000000001EE /* Debug */ = {
			isa = XCBuildConfiguration;
			buildSettings = {
				ASSETCATALOG_COMPILER_APPICON_NAME = AppIcon;
				ASSETCATALOG_COMPILER_GLOBAL_ACCENT_COLOR_NAME = AccentColor;
				CODE_SIGN_STYLE = Automatic;
				CURRENT_PROJECT_VERSION = 1;
				DEVELOPMENT_TEAM = "";
				ENABLE_PREVIEWS = YES;
				GENERATE_INFOPLIST_FILE = NO;
				INFOPLIST_FILE = StreamApp/Info.plist;
				INFOPLIST_KEY_NSFaceIDUsageDescription = "Stream uses Face ID to securely authenticate and protect your wallet and earnings data.";
				INFOPLIST_KEY_UIApplicationSceneManifest_Generation = YES;
				INFOPLIST_KEY_UIApplicationSupportsIndirectInputEvents = YES;
				INFOPLIST_KEY_UILaunchScreen_Generation = YES;
				INFOPLIST_KEY_UISupportedInterfaceOrientations_iPad = "UIInterfaceOrientationPortrait UIInterfaceOrientationPortraitUpsideDown UIInterfaceOrientationLandscapeLeft UIInterfaceOrientationLandscapeRight";
				INFOPLIST_KEY_UISupportedInterfaceOrientations_iPhone = "UIInterfaceOrientationPortrait UIInterfaceOrientationLandscapeLeft UIInterfaceOrientationLandscapeRight";
				LD_RUNPATH_SEARCH_PATHS = (
					"$(inherited)",
					"@executable_path/Frameworks",
				);
				MARKETING_VERSION = 1.0;
				PRODUCT_BUNDLE_IDENTIFIER = com.stream.payroll.app;
				PRODUCT_NAME = "$(TARGET_NAME)";
				SWIFT_EMIT_LOC_STRINGS = YES;
				SWIFT_VERSION = 5.0;
				TARGETED_DEVICE_FAMILY = "1,2";
			};
			name = Debug;
		};
		FIX0000100000000000001FF /* Release */ = {
			isa = XCBuildConfiguration;
			buildSettings = {
				ASSETCATALOG_COMPILER_APPICON_NAME = AppIcon;
				ASSETCATALOG_COMPILER_GLOBAL_ACCENT_COLOR_NAME = AccentColor;
				CODE_SIGN_STYLE = Automatic;
				CURRENT_PROJECT_VERSION = 1;
				DEVELOPMENT_TEAM = "";
				ENABLE_PREVIEWS = YES;
				GENERATE_INFOPLIST_FILE = NO;
				INFOPLIST_FILE = StreamApp/Info.plist;
				INFOPLIST_KEY_NSFaceIDUsageDescription = "Stream uses Face ID to securely authenticate and protect your wallet and earnings data.";
				INFOPLIST_KEY_UIApplicationSceneManifest_Generation = YES;
				INFOPLIST_KEY_UIApplicationSupportsIndirectInputEvents = YES;
				INFOPLIST_KEY_UILaunchScreen_Generation = YES;
				INFOPLIST_KEY_UISupportedInterfaceOrientations_iPad = "UIInterfaceOrientationPortrait UIInterfaceOrientationPortraitUpsideDown UIInterfaceOrientationLandscapeLeft UIInterfaceOrientationLandscapeRight";
				INFOPLIST_KEY_UISupportedInterfaceOrientations_iPhone = "UIInterfaceOrientationPortrait UIInterfaceOrientationLandscapeLeft UIInterfaceOrientationLandscapeRight";
				LD_RUNPATH_SEARCH_PATHS = (
					"$(inherited)",
					"@executable_path/Frameworks",
				);
				MARKETING_VERSION = 1.0;
				PRODUCT_BUNDLE_IDENTIFIER = com.stream.payroll.app;
				PRODUCT_NAME = "$(TARGET_NAME)";
				SWIFT_EMIT_LOC_STRINGS = YES;
				SWIFT_VERSION = 5.0;
				TARGETED_DEVICE_FAMILY = "1,2";
			};
			name = Release;
		};
/* End XCBuildConfiguration section */

/* Begin XCConfigurationList section */
		FIX0000100000000000001AA /* Build configuration list for PBXNativeTarget "StreamApp" */ = {
			isa = XCConfigurationList;
			buildConfigurations = (
				FIX0000100000000000001EE /* Debug */,
				FIX0000100000000000001FF /* Release */,
			);
			defaultConfigurationIsVisible = 0;
			defaultConfigurationName = Release;
		};
		FIX0000100000000000001BB /* Build configuration list for PBXProject "StreamApp" */ = {
			isa = XCConfigurationList;
			buildConfigurations = (
				FIX0000100000000000001CC /* Debug */,
				FIX0000100000000000001DD /* Release */,
			);
			defaultConfigurationIsVisible = 0;
			defaultConfigurationName = Release;
		};
/* End XCConfigurationList section */
	};
	rootObject = FIX0000100000000000000FF /* Project object */;
}
